// !$*UTF8*$!
{
	archiveVersion = 1;
	classes = {
	};
	objectVersion = 50;
	objects = {

/* Begin PBXBuildFile section */
		1464C5D42351D9DF00AD9E25 /* SubController.swift in Sources */ = {isa = PBXBuildFile; fileRef = 1464C5D32351D9DF00AD9E25 /* SubController.swift */; };
		1464C5D62351DB6000AD9E25 /* UINavigationController+Hidden.swift in Sources */ = {isa = PBXBuildFile; fileRef = 1464C5D52351DB6000AD9E25 /* UINavigationController+Hidden.swift */; };
		14779EA523508BC6009CF24A /* AppDelegate.swift in Sources */ = {isa = PBXBuildFile; fileRef = 14779EA423508BC6009CF24A /* AppDelegate.swift */; };
		14779EA923508BC6009CF24A /* ViewController.swift in Sources */ = {isa = PBXBuildFile; fileRef = 14779EA823508BC6009CF24A /* ViewController.swift */; };
		14779EAC23508BC6009CF24A /* Main.storyboard in Resources */ = {isa = PBXBuildFile; fileRef = 14779EAA23508BC6009CF24A /* Main.storyboard */; };
		14779EAE23508BC7009CF24A /* Assets.xcassets in Resources */ = {isa = PBXBuildFile; fileRef = 14779EAD23508BC7009CF24A /* Assets.xcassets */; };
		14779EB123508BC7009CF24A /* LaunchScreen.storyboard in Resources */ = {isa = PBXBuildFile; fileRef = 14779EAF23508BC7009CF24A /* LaunchScreen.storyboard */; };
		14779EB923509A9E009CF24A /* TableHeaderView.swift in Sources */ = {isa = PBXBuildFile; fileRef = 14779EB823509A9E009CF24A /* TableHeaderView.swift */; };
		14779EBB23509AB2009CF24A /* TableHeaderView.xib in Resources */ = {isa = PBXBuildFile; fileRef = 14779EBA23509AB2009CF24A /* TableHeaderView.xib */; };
/* End PBXBuildFile section */

/* Begin PBXFileReference section */
		1464C5D32351D9DF00AD9E25 /* SubController.swift */ = {isa = PBXFileReference; lastKnownFileType = sourcecode.swift; path = SubController.swift; sourceTree = "<group>"; };
		1464C5D52351DB6000AD9E25 /* UINavigationController+Hidden.swift */ = {isa = PBXFileReference; lastKnownFileType = sourcecode.swift; path = "UINavigationController+Hidden.swift"; sourceTree = "<group>"; };
		14779EA123508BC6009CF24A /* NavHiddenDemo.app */ = {isa = PBXFileReference; explicitFileType = wrapper.application; includeInIndex = 0; path = NavHiddenDemo.app; sourceTree = BUILT_PRODUCTS_DIR; };
		14779EA423508BC6009CF24A /* AppDelegate.swift */ = {isa = PBXFileReference; lastKnownFileType = sourcecode.swift; path = AppDelegate.swift; sourceTree = "<group>"; };
		14779EA823508BC6009CF24A /* ViewController.swift */ = {isa = PBXFileReference; lastKnownFileType = sourcecode.swift; path = ViewController.swift; sourceTree = "<group>"; };
		14779EAB23508BC6009CF24A /* Base */ = {isa = PBXFileReference; lastKnownFileType = file.storyboard; name = Base; path = Base.lproj/Main.storyboard; sourceTree = "<group>"; };
		14779EAD23508BC7009CF24A /* Assets.xcassets */ = {isa = PBXFileReference; lastKnownFileType = folder.assetcatalog; path = Assets.xcassets; sourceTree = "<group>"; };
		14779EB023508BC7009CF24A /* Base */ = {isa = PBXFileReference; lastKnownFileType = file.storyboard; name = Base; path = Base.lproj/LaunchScreen.storyboard; sourceTree = "<group>"; };
		14779EB223508BC7009CF24A /* Info.plist */ = {isa = PBXFileReference; lastKnownFileType = text.plist.xml; path = Info.plist; sourceTree = "<group>"; };
		14779EB823509A9E009CF24A /* TableHeaderView.swift */ = {isa = PBXFileReference; lastKnownFileType = sourcecode.swift; path = TableHeaderView.swift; sourceTree = "<group>"; };
		14779EBA23509AB2009CF24A /* TableHeaderView.xib */ = {isa = PBXFileReference; lastKnownFileType = file.xib; path = TableHeaderView.xib; sourceTree = "<group>"; };
/* End PBXFileReference section */

/* Begin PBXFrameworksBuildPhase section */
		14779E9E23508BC6009CF24A /* Frameworks */ = {
			isa = PBXFrameworksBuildPhase;
			buildActionMask = 2147483647;
			files = (
			);
			runOnlyForDeploymentPostprocessing = 0;
		};
/* End PBXFrameworksBuildPhase section */

/* Begin PBXGroup section */
		14779E9823508BC6009CF24A = {
			isa = PBXGroup;
			children = (
				14779EA323508BC6009CF24A /* NavHiddenDemo */,
				14779EA223508BC6009CF24A /* Products */,
			);
			sourceTree = "<group>";
		};
		14779EA223508BC6009CF24A /* Products */ = {
			isa = PBXGroup;
			children = (
				14779EA123508BC6009CF24A /* NavHiddenDemo.app */,
			);
			name = Products;
			sourceTree = "<group>";
		};
		14779EA323508BC6009CF24A /* NavHiddenDemo */ = {
			isa = PBXGroup;
			children = (
				14779EA423508BC6009CF24A /* AppDelegate.swift */,
				14779EA823508BC6009CF24A /* ViewController.swift */,
				14779EAA23508BC6009CF24A /* Main.storyboard */,
				14779EAD23508BC7009CF24A /* Assets.xcassets */,
				14779EAF23508BC7009CF24A /* LaunchScreen.storyboard */,
				14779EB223508BC7009CF24A /* Info.plist */,
				14779EB823509A9E009CF24A /* TableHeaderView.swift */,
				14779EBA23509AB2009CF24A /* TableHeaderView.xib */,
				1464C5D32351D9DF00AD9E25 /* SubController.swift */,
				1464C5D52351DB6000AD9E25 /* UINavigationController+Hidden.swift */,
			);
			path = NavHiddenDemo;
			sourceTree = "<group>";
		};
/* End PBXGroup section */

/* Begin PBXNativeTarget section */
		14779EA023508BC6009CF24A /* NavHiddenDemo */ = {
			isa = PBXNativeTarget;
			buildConfigurationList = 14779EB523508BC7009CF24A /* Build configuration list for PBXNativeTarget "NavHiddenDemo" */;
			buildPhases = (
				14779E9D23508BC6009CF24A /* Sources */,
				14779E9E23508BC6009CF24A /* Frameworks */,
				14779E9F23508BC6009CF24A /* Resources */,
			);
			buildRules = (
			);
			dependencies = (
			);
			name = NavHiddenDemo;
			productName = NavHiddenDemo;
			productReference = 14779EA123508BC6009CF24A /* NavHiddenDemo.app */;
			productType = "com.apple.product-type.application";
		};
/* End PBXNativeTarget section */

/* Begin PBXProject section */
		14779E9923508BC6009CF24A /* Project object */ = {
			isa = PBXProject;
			attributes = {
				LastSwiftUpdateCheck = 1100;
				LastUpgradeCheck = 1100;
				ORGANIZATIONNAME = DC;
				TargetAttributes = {
					14779EA023508BC6009CF24A = {
						CreatedOnToolsVersion = 11.0;
					};
				};
			};
			buildConfigurationList = 14779E9C23508BC6009CF24A /* Build configuration list for PBXProject "NavHiddenDemo" */;
			compatibilityVersion = "Xcode 9.3";
			developmentRegion = en;
			hasScannedForEncodings = 0;
			knownRegions = (
				en,
				Base,
			);
			mainGroup = 14779E9823508BC6009CF24A;
			productRefGroup = 14779EA223508BC6009CF24A /* Products */;
			projectDirPath = "";
			projectRoot = "";
			targets = (
				14779EA023508BC6009CF24A /* NavHiddenDemo */,
			);
		};
/* End PBXProject section */

/* Begin PBXResourcesBuildPhase section */
		14779E9F23508BC6009CF24A /* Resources */ = {
			isa = PBXResourcesBuildPhase;
			buildActionMask = 2147483647;
			files = (
				14779EBB23509AB2009CF24A /* TableHeaderView.xib in Resources */,
				14779EB123508BC7009CF24A /* LaunchScreen.storyboard in Resources */,
				14779EAE23508BC7009CF24A /* Assets.xcassets in Resources */,
				14779EAC23508BC6009CF24A /* Main.storyboard in Resources */,
			);
			runOnlyForDeploymentPostprocessing = 0;
		};
/* End PBXResourcesBuildPhase section */

/* Begin PBXSourcesBuildPhase section */
		14779E9D23508BC6009CF24A /* Sources */ = {
			isa = PBXSourcesBuildPhase;
			buildActionMask = 2147483647;
			files = (
				1464C5D42351D9DF00AD9E25 /* SubController.swift in Sources */,
				1464C5D62351DB6000AD9E25 /* UINavigationController+Hidden.swift in Sources */,
				14779EB923509A9E009CF24A /* TableHeaderView.swift in Sources */,
				14779EA923508BC6009CF24A /* ViewController.swift in Sources */,
				14779EA523508BC6009CF24A /* AppDelegate.swift in Sources */,
			);
			runOnlyForDeploymentPostprocessing = 0;
		};
/* End PBXSourcesBuildPhase section */

/* Begin PBXVariantGroup section */
		14779EAA23508BC6009CF24A /* Main.storyboard */ = {
			isa = PBXVariantGroup;
			children = (
				14779EAB23508BC6009CF24A /* Base */,
			);
			name = Main.storyboard;
			sourceTree = "<group>";
		};
		14779EAF23508BC7009CF24A /* LaunchScreen.storyboard */ = {
			isa = PBXVariantGroup;
			children = (
				14779EB023508BC7009CF24A /* Base */,
			);
			name = LaunchScreen.storyboard;
			sourceTree = "<group>";
		};
/* End PBXVariantGroup section */

/* Begin XCBuildConfiguration section */
		14779EB323508BC7009CF24A /* Debug */ = {
			isa = XCBuildConfiguration;
			buildSettings = {
				ALWAYS_SEARCH_USER_PATHS = NO;
				CLANG_ANALYZER_NONNULL = YES;
				CLANG_ANALYZER_NUMBER_OBJECT_CONVERSION = YES_AGGRESSIVE;
				CLANG_CXX_LANGUAGE_STANDARD = "gnu++14";
				CLANG_CXX_LIBRARY = "libc++";
				CLANG_ENABLE_MODULES = YES;
				CLANG_ENABLE_OBJC_ARC = YES;
				CLANG_ENABLE_OBJC_WEAK = YES;
				CLANG_WARN_BLOCK_CAPTURE_AUTORELEASING = YES;
				CLANG_WARN_BOOL_CONVERSION = YES;
				CLANG_WARN_COMMA = YES;
				CLANG_WARN_CONSTANT_CONVERSION = YES;
				CLANG_WARN_DEPRECATED_OBJC_IMPLEMENTATIONS = YES;
				CLANG_WARN_DIRECT_OBJC_ISA_USAGE = YES_ERROR;
				CLANG_WARN_DOCUMENTATION_COMMENTS = YES;
				CLANG_WARN_EMPTY_BODY = YES;
				CLANG_WARN_ENUM_CONVERSION = YES;
				CLANG_WARN_INFINITE_RECURSION = YES;
				CLANG_WARN_INT_CONVERSION = YES;
				CLANG_WARN_NON_LITERAL_NULL_CONVERSION = YES;
				CLANG_WARN_OBJC_IMPLICIT_RETAIN_SELF = YES;
				CLANG_WARN_OBJC_LITERAL_CONVERSION = YES;
				CLANG_WARN_OBJC_ROOT_CLASS = YES_ERROR;
				CLANG_WARN_RANGE_LOOP_ANALYSIS = YES;
				CLANG_WARN_STRICT_PROTOTYPES = YES;
				CLANG_WARN_SUSPICIOUS_MOVE = YES;
				CLANG_WARN_UNGUARDED_AVAILABILITY = YES_AGGRESSIVE;
				CLANG_WARN_UNREACHABLE_CODE = YES;
				CLANG_WARN__DUPLICATE_METHOD_MATCH = YES;
				COPY_PHASE_STRIP = NO;
				DEBUG_INFORMATION_FORMAT = dwarf;
				ENABLE_STRICT_OBJC_MSGSEND = YES;
				ENABLE_TESTABILITY = YES;
				GCC_C_LANGUAGE_STANDARD = gnu11;
				GCC_DYNAMIC_NO_PIC = NO;
				GCC_NO_COMMON_BLOCKS = YES;
				GCC_OPTIMIZATION_LEVEL = 0;
				GCC_PREPROCESSOR_DEFINITIONS = (
					"DEBUG=1",
					"$(inherited)",
				);
				GCC_WARN_64_TO_32_BIT_CONVERSION = YES;
				GCC_WARN_ABOUT_RETURN_TYPE = YES_ERROR;
				GCC_WARN_UNDECLARED_SELECTOR = YES;
				GCC_WARN_UNINITIALIZED_AUTOS = YES_AGGRESSIVE;
				GCC_WARN_UNUSED_FUNCTION = YES;
				GCC_WARN_UNUSED_VARIABLE = YES;
				IPHONEOS_DEPLOYMENT_TARGET = 10.0;
				MTL_ENABLE_DEBUG_INFO = INCLUDE_SOURCE;
				MTL_FAST_MATH = YES;
				ONLY_ACTIVE_ARCH = YES;
				SDKROOT = iphoneos;
				SWIFT_ACTIVE_COMPILATION_CONDITIONS = DEBUG;
				SWIFT_OPTIMIZATION_LEVEL = "-Onone";
			};
			name = Debug;
		};
		14779EB423508BC7009CF24A /* Release */ = {
			isa = XCBuildConfiguration;
			buildSettings = {
				ALWAYS_SEARCH_USER_PATHS = NO;
				CLANG_ANALYZER_NONNULL = YES;
				CLANG_ANALYZER_NUMBER_OBJECT_CONVERSION = YES_AGGRESSIVE;
				CLANG_CXX_LANGUAGE_STANDARD = "gnu++14";
				CLANG_CXX_LIBRARY = "libc++";
				CLANG_ENABLE_MODULES = YES;
				CLANG_ENABLE_OBJC_ARC = YES;
				CLANG_ENABLE_OBJC_WEAK = YES;
				CLANG_WARN_BLOCK_CAPTURE_AUTORELEASING = YES;
				CLANG_WARN_BOOL_CONVERSION = YES;
				CLANG_WARN_COMMA = YES;
				CLANG_WARN_CONSTANT_CONVERSION = YES;
				CLANG_WARN_DEPRECATED_OBJC_IMPLEMENTATIONS = YES;
				CLANG_WARN_DIRECT_OBJC_ISA_USAGE = YES_ERROR;
				CLANG_WARN_DOCUMENTATION_COMMENTS = YES;
				CLANG_WARN_EMPTY_BODY = YES;
				CLANG_WARN_ENUM_CONVERSION = YES;
				CLANG_WARN_INFINITE_RECURSION = YES;
				CLANG_WARN_INT_CONVERSION = YES;
				CLANG_WARN_NON_LITERAL_NULL_CONVERSION = YES;
				CLANG_WARN_OBJC_IMPLICIT_RETAIN_SELF = YES;
				CLANG_WARN_OBJC_LITERAL_CONVERSION = YES;
				CLANG_WARN_OBJC_ROOT_CLASS = YES_ERROR;
				CLANG_WARN_RANGE_LOOP_ANALYSIS = YES;
				CLANG_WARN_STRICT_PROTOTYPES = YES;
				CLANG_WARN_SUSPICIOUS_MOVE = YES;
				CLANG_WARN_UNGUARDED_AVAILABILITY = YES_AGGRESSIVE;
				CLANG_WARN_UNREACHABLE_CODE = YES;
				CLANG_WARN__DUPLICATE_METHOD_MATCH = YES;
				COPY_PHASE_STRIP = NO;
				DEBUG_INFORMATION_FORMAT = "dwarf-with-dsym";
				ENABLE_NS_ASSERTIONS = NO;
				ENABLE_STRICT_OBJC_MSGSEND = YES;
				GCC_C_LANGUAGE_STANDARD = gnu11;
				GCC_NO_COMMON_BLOCKS = YES;
				GCC_WARN_64_TO_32_BIT_CONVERSION = YES;
				GCC_WARN_ABOUT_RETURN_TYPE = YES_ERROR;
				GCC_WARN_UNDECLARED_SELECTOR = YES;
				GCC_WARN_UNINITIALIZED_AUTOS = YES_AGGRESSIVE;
				GCC_WARN_UNUSED_FUNCTION = YES;
				GCC_WARN_UNUSED_VARIABLE = YES;
				IPHONEOS_DEPLOYMENT_TARGET = 10.0;
				MTL_ENABLE_DEBUG_INFO = NO;
				MTL_FAST_MATH = YES;
				SDKROOT = iphoneos;
				SWIFT_COMPILATION_MODE = wholemodule;
				SWIFT_OPTIMIZATION_LEVEL = "-O";
				VALIDATE_PRODUCT = YES;
			};
			name = Release;
		};
		14779EB623508BC7009CF24A /* Debug */ = {
			isa = XCBuildConfiguration;
			buildSettings = {
				ASSETCATALOG_COMPILER_APPICON_NAME = AppIcon;
				CODE_SIGN_STYLE = Automatic;
				DEVELOPMENT_TEAM = 26J52EZXXR;
				INFOPLIST_FILE = NavHiddenDemo/Info.plist;
				LD_RUNPATH_SEARCH_PATHS = (
					"$(inherited)",
					"@executable_path/Frameworks",
				);
				PRODUCT_BUNDLE_IDENTIFIER = BC.NavHiddenDemo;
				PRODUCT_NAME = "$(TARGET_NAME)";
				SWIFT_VERSION = 5.0;
				TARGETED_DEVICE_FAMILY = "1,2";
			};
			name = Debug;
		};
		14779EB723508BC7009CF24A /* Release */ = {
			isa = XCBuildConfiguration;
			buildSettings = {
				ASSETCATALOG_COMPILER_APPICON_NAME = AppIcon;
				CODE_SIGN_STYLE = Automatic;
				DEVELOPMENT_TEAM = 26J52EZXXR;
				INFOPLIST_FILE = NavHiddenDemo/Info.plist;
				LD_RUNPATH_SEARCH_PATHS = (
					"$(inherited)",
					"@executable_path/Frameworks",
				);
				PRODUCT_BUNDLE_IDENTIFIER = BC.NavHiddenDemo;
				PRODUCT_NAME = "$(TARGET_NAME)";
				SWIFT_VERSION = 5.0;
				TARGETED_DEVICE_FAMILY = "1,2";
			};
			name = Release;
		};
/* End XCBuildConfiguration section */

/* Begin XCConfigurationList section */
		14779E9C23508BC6009CF24A /* Build configuration list for PBXProject "NavHiddenDemo" */ = {
			isa = XCConfigurationList;
			buildConfigurations = (
				14779EB323508BC7009CF24A /* Debug */,
				14779EB423508BC7009CF24A /* Release */,
			);
			defaultConfigurationIsVisible = 0;
			defaultConfigurationName = Release;
		};
		14779EB523508BC7009CF24A /* Build configuration list for PBXNativeTarget "NavHiddenDemo" */ = {
			isa = XCConfigurationList;
			buildConfigurations = (
				14779EB623508BC7009CF24A /* Debug */,
				14779EB723508BC7009CF24A /* Release */,
			);
			defaultConfigurationIsVisible = 0;
			defaultConfigurationName = Release;
		};
/* End XCConfigurationList section */
	};
	rootObject = 14779E9923508BC6009CF24A /* Project object */;
}
